
Microsoft Visual Studio Solution File, Format Version 12.00
# Visual Studio Version 17
VisualStudioVersion = 17.11.35303.130
MinimumVisualStudioVersion = 10.0.40219.1
Project("{2150E333-8FDC-42A3-9474-1A3956D46DE8}") = "Task0", "Task0", "{886C5910-9DB2-4B74-A5EF-176B0F21E02C}"
EndProject
Project("{9A19103F-16F7-4668-BE54-9A1E7A4F7556}") = "Tyuiu.SafarovTA.Sprint1.Task0.V26", "Tyuiu.SafarovTA.Sprint1.Task0.V26\Tyuiu.SafarovTA.Sprint1.Task0.V26.csproj", "{60EE3283-D1EF-417D-9EFA-5C51C6241367}"
EndProject
Project("{9A19103F-16F7-4668-BE54-9A1E7A4F7556}") = "Tyuiu.SafarovTA.Sprint1.Task0.V26.Lib", "Tyuiu.SafarovTA.Sprint1.Task0.V26.Lib\Tyuiu.SafarovTA.Sprint1.Task0.V26.Lib.csproj", "{B48ECD2A-803E-4BFD-95C8-DE9D918A6430}"
EndProject
Project("{9A19103F-16F7-4668-BE54-9A1E7A4F7556}") = "Tyuiu.SafarovTA.Sprint1.Task0.V26.Test", "Tyuiu.SafarovTA.Sprint1.Task0.V26.Test\Tyuiu.SafarovTA.Sprint1.Task0.V26.Test.csproj", "{078740C9-DD0A-4AAE-B1AB-A974F077AB6F}"
EndProject
Project("{2150E333-8FDC-42A3-9474-1A3956D46DE8}") = "Task1", "Task1", "{429F2DB6-3851-4225-B62A-DF90CB66B156}"
EndProject
Project("{9A19103F-16F7-4668-BE54-9A1E7A4F7556}") = "Tyuiu.SafarovTA.Sprint1.Task1.V16", "Tyuiu.SafarovTA.Sprint1.Task1.V16\Tyuiu.SafarovTA.Sprint1.Task1.V16.csproj", "{55C5882A-E94B-4216-AF35-07166486814B}"
EndProject
Project("{9A19103F-16F7-4668-BE54-9A1E7A4F7556}") = "Tyuiu.SafarovTA.Sprint1.Task1.V16.Lib", "Tyuiu.SafarovTA.Sprint1.Task1.V16.Lib\Tyuiu.SafarovTA.Sprint1.Task1.V16.Lib.csproj", "{DA18C699-D13C-4C3B-B0AC-A8C00B0AF362}"
EndProject
Project("{9A19103F-16F7-4668-BE54-9A1E7A4F7556}") = "Tyuiu.SafarovTA.Sprint1.Task1.V16.Test", "Tyuiu.SafarovTA.Sprint1.Task1.V16.Test\Tyuiu.SafarovTA.Sprint1.Task1.V16.Test.csproj", "{D2E1DA49-F0DD-475A-A417-E282E0D936C6}"
EndProject
Project("{2150E333-8FDC-42A3-9474-1A3956D46DE8}") = "Task2", "Task2", "{1FD7ECB5-88B1-4E2F-AB42-805A6E249B52}"
EndProject
Project("{9A19103F-16F7-4668-BE54-9A1E7A4F7556}") = "Tyuiu.SafarovTA.Sprint1.Task2.V30", "Tyuiu.SafarovTA.Sprint1.Task2.V30\Tyuiu.SafarovTA.Sprint1.Task2.V30.csproj", "{7D7AD8CB-51C6-4D56-BC60-B602ACB7D0FC}"
EndProject
Project("{9A19103F-16F7-4668-BE54-9A1E7A4F7556}") = "Tyuiu.SafarovTA.Sprint1.Task2.V30.Lib", "Tyuiu.SafarovTA.Sprint1.Task2.V30.Lib\Tyuiu.SafarovTA.Sprint1.Task2.V30.Lib.csproj", "{8CEDE53C-C4E4-405A-9721-20F2BAB13B1D}"
EndProject
Project("{9A19103F-16F7-4668-BE54-9A1E7A4F7556}") = "Tyuiu.SafarovTA.Sprint1.Task2.V30.Test", "Tyuiu.SafarovTA.Sprint1.Task2.V30.Test\Tyuiu.SafarovTA.Sprint1.Task2.V30.Test.csproj", "{C5FECCBE-7823-452F-BC4B-B176EB15161A}"
EndProject
Project("{2150E333-8FDC-42A3-9474-1A3956D46DE8}") = "Task3", "Task3", "{B23A665A-688F-4A24-8044-D97E1EE8AF21}"
EndProject
Project("{9A19103F-16F7-4668-BE54-9A1E7A4F7556}") = "Tyuiu.SafarovTA.Sprint1.Task3.V17", "Tyuiu.SafarovTA.Sprint1.Task3.V17\Tyuiu.SafarovTA.Sprint1.Task3.V17.csproj", "{09ECBA8D-04DB-4247-AB4A-5E8E82E4A2B7}"
EndProject
Project("{9A19103F-16F7-4668-BE54-9A1E7A4F7556}") = "Tyuiu.SafarovTA.Sprint1.Task3.V17.Lib", "Tyuiu.SafarovTA.Sprint1.Task3.V17.Lib\Tyuiu.SafarovTA.Sprint1.Task3.V17.Lib.csproj", "{64DF7B72-E590-4176-8B4C-EBB398B2E818}"
EndProject
Project("{9A19103F-16F7-4668-BE54-9A1E7A4F7556}") = "Tyuiu.SafarovTA.Sprint1.Task3.V17.Test", "Tyuiu.SafarovTA.Sprint1.Task3.V17.Test\Tyuiu.SafarovTA.Sprint1.Task3.V17.Test.csproj", "{683A09E3-A4F7-46D6-9774-9FCA1CE29619}"
EndProject
Project("{2150E333-8FDC-42A3-9474-1A3956D46DE8}") = "Task4", "Task4", "{29C57F75-7A74-4A49-8D87-8CD8DFC4D9D9}"
EndProject
Project("{9A19103F-16F7-4668-BE54-9A1E7A4F7556}") = "Tyuiu.SafarovTA.Sprint1.Task4.V6", "Tyuiu.SafarovTA.Sprint1.Task4.V6\Tyuiu.SafarovTA.Sprint1.Task4.V6.csproj", "{FA41C512-FF0A-4830-B72D-D8802C08D762}"
EndProject
Project("{9A19103F-16F7-4668-BE54-9A1E7A4F7556}") = "Tyuiu.SafarovTA.Sprint1.Task4.V6.Test", "Tyuiu.SafarovTA.Sprint1.Task4.V6.Test\Tyuiu.SafarovTA.Sprint1.Task4.V6.Test.csproj", "{ED8B0C3A-7F33-4EAC-B226-AE429114576F}"
EndProject
Project("{9A19103F-16F7-4668-BE54-9A1E7A4F7556}") = "Tyuiu.SafarovTA.Sprint1.Task4.V6.Lib", "Tyuiu.SafarovTA.Sprint1.Task4.V6.Lib\Tyuiu.SafarovTA.Sprint1.Task4.V6.Lib.csproj", "{BB1910D4-965D-494D-B525-AC165E0E9758}"
EndProject
Project("{2150E333-8FDC-42A3-9474-1A3956D46DE8}") = "Task5", "Task5", "{00BD76C0-A655-449F-A8B4-6E5DE4C7D935}"
EndProject
Project("{FAE04EC0-301F-11D3-BF4B-00C04F79EFBC}") = "Tyuiu.SafarovTA.Sprint1.Task5.V6", "Tyuiu.SafarovTA.Sprint1.Task5.V6\Tyuiu.SafarovTA.Sprint1.Task5.V6.csproj", "{8A6387C9-E331-4FC7-9BE8-0E51D6E65DCD}"
EndProject
Project("{FAE04EC0-301F-11D3-BF4B-00C04F79EFBC}") = "Tyuiu.SafarovTA.Sprint1.Task5.V6.Lib", "Tyuiu.SafarovTA.Sprint1.Task5.V6.Lib\Tyuiu.SafarovTA.Sprint1.Task5.V6.Lib.csproj", "{017BB46A-4DFD-4AC2-B858-E3C97BBCD4DC}"
EndProject
Project("{FAE04EC0-301F-11D3-BF4B-00C04F79EFBC}") = "Tyuiu.SafarovTA.Sprint1.Task5.V6.Test", "Tyuiu.SafarovTA.Sprint1.Task5.V6.Test\Tyuiu.SafarovTA.Sprint1.Task5.V6.Test.csproj", "{177B8743-2841-470F-A9E3-A3B5E3637203}"
EndProject
Global
	GlobalSection(SolutionConfigurationPlatforms) = preSolution
		Debug|Any CPU = Debug|Any CPU
		Release|Any CPU = Release|Any CPU
	EndGlobalSection
	GlobalSection(ProjectConfigurationPlatforms) = postSolution
		{60EE3283-D1EF-417D-9EFA-5C51C6241367}.Debug|Any CPU.ActiveCfg = Debug|Any CPU
		{60EE3283-D1EF-417D-9EFA-5C51C6241367}.Debug|Any CPU.Build.0 = Debug|Any CPU
		{60EE3283-D1EF-417D-9EFA-5C51C6241367}.Release|Any CPU.ActiveCfg = Release|Any CPU
		{60EE3283-D1EF-417D-9EFA-5C51C6241367}.Release|Any CPU.Build.0 = Release|Any CPU
		{B48ECD2A-803E-4BFD-95C8-DE9D918A6430}.Debug|Any CPU.ActiveCfg = Debug|Any CPU
		{B48ECD2A-803E-4BFD-95C8-DE9D918A6430}.Debug|Any CPU.Build.0 = Debug|Any CPU
		{B48ECD2A-803E-4BFD-95C8-DE9D918A6430}.Release|Any CPU.ActiveCfg = Release|Any CPU
		{B48ECD2A-803E-4BFD-95C8-DE9D918A6430}.Release|Any CPU.Build.0 = Release|Any CPU
		{078740C9-DD0A-4AAE-B1AB-A974F077AB6F}.Debug|Any CPU.ActiveCfg = Debug|Any CPU
		{078740C9-DD0A-4AAE-B1AB-A974F077AB6F}.Debug|Any CPU.Build.0 = Debug|Any CPU
		{078740C9-DD0A-4AAE-B1AB-A974F077AB6F}.Release|Any CPU.ActiveCfg = Release|Any CPU
		{078740C9-DD0A-4AAE-B1AB-A974F077AB6F}.Release|Any CPU.Build.0 = Release|Any CPU
		{55C5882A-E94B-4216-AF35-07166486814B}.Debug|Any CPU.ActiveCfg = Debug|Any CPU
		{55C5882A-E94B-4216-AF35-07166486814B}.Debug|Any CPU.Build.0 = Debug|Any CPU
		{55C5882A-E94B-4216-AF35-07166486814B}.Release|Any CPU.ActiveCfg = Release|Any CPU
		{55C5882A-E94B-4216-AF35-07166486814B}.Release|Any CPU.Build.0 = Release|Any CPU
		{DA18C699-D13C-4C3B-B0AC-A8C00B0AF362}.Debug|Any CPU.ActiveCfg = Debug|Any CPU
		{DA18C699-D13C-4C3B-B0AC-A8C00B0AF362}.Debug|Any CPU.Build.0 = Debug|Any CPU
		{DA18C699-D13C-4C3B-B0AC-A8C00B0AF362}.Release|Any CPU.ActiveCfg = Release|Any CPU
		{DA18C699-D13C-4C3B-B0AC-A8C00B0AF362}.Release|Any CPU.Build.0 = Release|Any CPU
		{D2E1DA49-F0DD-475A-A417-E282E0D936C6}.Debug|Any CPU.ActiveCfg = Debug|Any CPU
		{D2E1DA49-F0DD-475A-A417-E282E0D936C6}.Debug|Any CPU.Build.0 = Debug|Any CPU
		{D2E1DA49-F0DD-475A-A417-E282E0D936C6}.Release|Any CPU.ActiveCfg = Release|Any CPU
		{D2E1DA49-F0DD-475A-A417-E282E0D936C6}.Release|Any CPU.Build.0 = Release|Any CPU
		{7D7AD8CB-51C6-4D56-BC60-B602ACB7D0FC}.Debug|Any CPU.ActiveCfg = Debug|Any CPU
		{7D7AD8CB-51C6-4D56-BC60-B602ACB7D0FC}.Debug|Any CPU.Build.0 = Debug|Any CPU
		{7D7AD8CB-51C6-4D56-BC60-B602ACB7D0FC}.Release|Any CPU.ActiveCfg = Release|Any CPU
		{7D7AD8CB-51C6-4D56-BC60-B602ACB7D0FC}.Release|Any CPU.Build.0 = Release|Any CPU
		{8CEDE53C-C4E4-405A-9721-20F2BAB13B1D}.Debug|Any CPU.ActiveCfg = Debug|Any CPU
		{8CEDE53C-C4E4-405A-9721-20F2BAB13B1D}.Debug|Any CPU.Build.0 = Debug|Any CPU
		{8CEDE53C-C4E4-405A-9721-20F2BAB13B1D}.Release|Any CPU.ActiveCfg = Release|Any CPU
		{8CEDE53C-C4E4-405A-9721-20F2BAB13B1D}.Release|Any CPU.Build.0 = Release|Any CPU
		{C5FECCBE-7823-452F-BC4B-B176EB15161A}.Debug|Any CPU.ActiveCfg = Debug|Any CPU
		{C5FECCBE-7823-452F-BC4B-B176EB15161A}.Debug|Any CPU.Build.0 = Debug|Any CPU
		{C5FECCBE-7823-452F-BC4B-B176EB15161A}.Release|Any CPU.ActiveCfg = Release|Any CPU
		{C5FECCBE-7823-452F-BC4B-B176EB15161A}.Release|Any CPU.Build.0 = Release|Any CPU
		{09ECBA8D-04DB-4247-AB4A-5E8E82E4A2B7}.Debug|Any CPU.ActiveCfg = Debug|Any CPU
		{09ECBA8D-04DB-4247-AB4A-5E8E82E4A2B7}.Debug|Any CPU.Build.0 = Debug|Any CPU
		{09ECBA8D-04DB-4247-AB4A-5E8E82E4A2B7}.Release|Any CPU.ActiveCfg = Release|Any CPU
		{09ECBA8D-04DB-4247-AB4A-5E8E82E4A2B7}.Release|Any CPU.Build.0 = Release|Any CPU
		{64DF7B72-E590-4176-8B4C-EBB398B2E818}.Debug|Any CPU.ActiveCfg = Debug|Any CPU
		{64DF7B72-E590-4176-8B4C-EBB398B2E818}.Debug|Any CPU.Build.0 = Debug|Any CPU
		{64DF7B72-E590-4176-8B4C-EBB398B2E818}.Release|Any CPU.ActiveCfg = Release|Any CPU
		{64DF7B72-E590-4176-8B4C-EBB398B2E818}.Release|Any CPU.Build.0 = Release|Any CPU
		{683A09E3-A4F7-46D6-9774-9FCA1CE29619}.Debug|Any CPU.ActiveCfg = Debug|Any CPU
		{683A09E3-A4F7-46D6-9774-9FCA1CE29619}.Debug|Any CPU.Build.0 = Debug|Any CPU
		{683A09E3-A4F7-46D6-9774-9FCA1CE29619}.Release|Any CPU.ActiveCfg = Release|Any CPU
		{683A09E3-A4F7-46D6-9774-9FCA1CE29619}.Release|Any CPU.Build.0 = Release|Any CPU
		{FA41C512-FF0A-4830-B72D-D8802C08D762}.Debug|Any CPU.ActiveCfg = Debug|Any CPU
		{FA41C512-FF0A-4830-B72D-D8802C08D762}.Debug|Any CPU.Build.0 = Debug|Any CPU
		{FA41C512-FF0A-4830-B72D-D8802C08D762}.Release|Any CPU.ActiveCfg = Release|Any CPU
		{FA41C512-FF0A-4830-B72D-D8802C08D762}.Release|Any CPU.Build.0 = Release|Any CPU
		{ED8B0C3A-7F33-4EAC-B226-AE429114576F}.Debug|Any CPU.ActiveCfg = Debug|Any CPU
		{ED8B0C3A-7F33-4EAC-B226-AE429114576F}.Debug|Any CPU.Build.0 = Debug|Any CPU
		{ED8B0C3A-7F33-4EAC-B226-AE429114576F}.Release|Any CPU.ActiveCfg = Release|Any CPU
		{ED8B0C3A-7F33-4EAC-B226-AE429114576F}.Release|Any CPU.Build.0 = Release|Any CPU
		{BB1910D4-965D-494D-B525-AC165E0E9758}.Debug|Any CPU.ActiveCfg = Debug|Any CPU
		{BB1910D4-965D-494D-B525-AC165E0E9758}.Debug|Any CPU.Build.0 = Debug|Any CPU
		{BB1910D4-965D-494D-B525-AC165E0E9758}.Release|Any CPU.ActiveCfg = Release|Any CPU
		{BB1910D4-965D-494D-B525-AC165E0E9758}.Release|Any CPU.Build.0 = Release|Any CPU
		{8A6387C9-E331-4FC7-9BE8-0E51D6E65DCD}.Debug|Any CPU.ActiveCfg = Debug|Any CPU
		{8A6387C9-E331-4FC7-9BE8-0E51D6E65DCD}.Debug|Any CPU.Build.0 = Debug|Any CPU
		{8A6387C9-E331-4FC7-9BE8-0E51D6E65DCD}.Release|Any CPU.ActiveCfg = Release|Any CPU
		{8A6387C9-E331-4FC7-9BE8-0E51D6E65DCD}.Release|Any CPU.Build.0 = Release|Any CPU
		{017BB46A-4DFD-4AC2-B858-E3C97BBCD4DC}.Debug|Any CPU.ActiveCfg = Debug|Any CPU
		{017BB46A-4DFD-4AC2-B858-E3C97BBCD4DC}.Debug|Any CPU.Build.0 = Debug|Any CPU
		{017BB46A-4DFD-4AC2-B858-E3C97BBCD4DC}.Release|Any CPU.ActiveCfg = Release|Any CPU
		{017BB46A-4DFD-4AC2-B858-E3C97BBCD4DC}.Release|Any CPU.Build.0 = Release|Any CPU
		{177B8743-2841-470F-A9E3-A3B5E3637203}.Debug|Any CPU.ActiveCfg = Debug|Any CPU
		{177B8743-2841-470F-A9E3-A3B5E3637203}.Debug|Any CPU.Build.0 = Debug|Any CPU
		{177B8743-2841-470F-A9E3-A3B5E3637203}.Release|Any CPU.ActiveCfg = Release|Any CPU
		{177B8743-2841-470F-A9E3-A3B5E3637203}.Release|Any CPU.Build.0 = Release|Any CPU
	EndGlobalSection
	GlobalSection(SolutionProperties) = preSolution
		HideSolutionNode = FALSE
	EndGlobalSection
	GlobalSection(NestedProjects) = preSolution
		{60EE3283-D1EF-417D-9EFA-5C51C6241367} = {886C5910-9DB2-4B74-A5EF-176B0F21E02C}
		{B48ECD2A-803E-4BFD-95C8-DE9D918A6430} = {886C5910-9DB2-4B74-A5EF-176B0F21E02C}
		{078740C9-DD0A-4AAE-B1AB-A974F077AB6F} = {886C5910-9DB2-4B74-A5EF-176B0F21E02C}
		{55C5882A-E94B-4216-AF35-07166486814B} = {429F2DB6-3851-4225-B62A-DF90CB66B156}
		{DA18C699-D13C-4C3B-B0AC-A8C00B0AF362} = {429F2DB6-3851-4225-B62A-DF90CB66B156}
		{D2E1DA49-F0DD-475A-A417-E282E0D936C6} = {429F2DB6-3851-4225-B62A-DF90CB66B156}
		{7D7AD8CB-51C6-4D56-BC60-B602ACB7D0FC} = {1FD7ECB5-88B1-4E2F-AB42-805A6E249B52}
		{8CEDE53C-C4E4-405A-9721-20F2BAB13B1D} = {1FD7ECB5-88B1-4E2F-AB42-805A6E249B52}
		{C5FECCBE-7823-452F-BC4B-B176EB15161A} = {1FD7ECB5-88B1-4E2F-AB42-805A6E249B52}
		{09ECBA8D-04DB-4247-AB4A-5E8E82E4A2B7} = {B23A665A-688F-4A24-8044-D97E1EE8AF21}
		{64DF7B72-E590-4176-8B4C-EBB398B2E818} = {B23A665A-688F-4A24-8044-D97E1EE8AF21}
		{683A09E3-A4F7-46D6-9774-9FCA1CE29619} = {B23A665A-688F-4A24-8044-D97E1EE8AF21}
		{FA41C512-FF0A-4830-B72D-D8802C08D762} = {29C57F75-7A74-4A49-8D87-8CD8DFC4D9D9}
		{ED8B0C3A-7F33-4EAC-B226-AE429114576F} = {29C57F75-7A74-4A49-8D87-8CD8DFC4D9D9}
		{BB1910D4-965D-494D-B525-AC165E0E9758} = {29C57F75-7A74-4A49-8D87-8CD8DFC4D9D9}
		{8A6387C9-E331-4FC7-9BE8-0E51D6E65DCD} = {00BD76C0-A655-449F-A8B4-6E5DE4C7D935}
		{017BB46A-4DFD-4AC2-B858-E3C97BBCD4DC} = {00BD76C0-A655-449F-A8B4-6E5DE4C7D935}
		{177B8743-2841-470F-A9E3-A3B5E3637203} = {00BD76C0-A655-449F-A8B4-6E5DE4C7D935}
	EndGlobalSection
	GlobalSection(ExtensibilityGlobals) = postSolution
		SolutionGuid = {294BFF5C-AD0B-4167-A9E2-C40EC0D801E5}
	EndGlobalSection
EndGlobal
